
Microsoft Visual Studio Solution File, Format Version 12.00
# Visual Studio Version 16
VisualStudioVersion = 16.0.29411.108
MinimumVisualStudioVersion = 10.0.40219.1
Project("{FAE04EC0-301F-11D3-BF4B-00C04F79EFBC}") = "WordSearcher", "WordSearcher.csproj", "{63C89C19-5DDF-4739-8415-2512628671CF}"
EndProject
Project("{FAE04EC0-301F-11D3-BF4B-00C04F79EFBC}") = "WordSearcher.UnitTests", "..\WordSearcher.ClassTests\WordSearcher.UnitTests.csproj", "{62499AAE-8012-42CC-A14F-C174D552C398}"
EndProject
Global
	GlobalSection(SolutionConfigurationPlatforms) = preSolution
		Debug|Any CPU = Debug|Any CPU
		Release|Any CPU = Release|Any CPU
	EndGlobalSection
	GlobalSection(ProjectConfigurationPlatforms) = postSolution
		{63C89C19-5DDF-4739-8415-2512628671CF}.Debug|Any CPU.ActiveCfg = Debug|Any CPU
		{63C89C19-5DDF-4739-8415-2512628671CF}.Debug|Any CPU.Build.0 = Debug|Any CPU
		{63C89C19-5DDF-4739-8415-2512628671CF}.Release|Any CPU.ActiveCfg = Release|Any CPU
		{63C89C19-5DDF-4739-8415-2512628671CF}.Release|Any CPU.Build.0 = Release|Any CPU
		{62499AAE-8012-42CC-A14F-C174D552C398}.Debug|Any CPU.ActiveCfg = Debug|Any CPU
		{62499AAE-8012-42CC-A14F-C174D552C398}.Debug|Any CPU.Build.0 = Debug|Any CPU
		{62499AAE-8012-42CC-A14F-C174D552C398}.Release|Any CPU.ActiveCfg = Release|Any CPU
		{62499AAE-8012-42CC-A14F-C174D552C398}.Release|Any CPU.Build.0 = Release|Any CPU
	EndGlobalSection
	GlobalSection(SolutionProperties) = preSolution
		HideSolutionNode = FALSE
	EndGlobalSection
	GlobalSection(ExtensibilityGlobals) = postSolution
		SolutionGuid = {0CF5E8CD-3145-45F9-BA7C-2BDF50DD59A5}
	EndGlobalSection
EndGlobal
